// !$*UTF8*$!
{
	archiveVersion = 1;
	classes = {
	};
	objectVersion = 46;
	objects = {

/* Begin PBXBuildFile section */
		74414B331EA8645D000DD82E /* AppDelegate.swift in Sources */ = {isa = PBXBuildFile; fileRef = 74414B321EA8645D000DD82E /* AppDelegate.swift */; };
		74414B351EA8645D000DD82E /* ViewController.swift in Sources */ = {isa = PBXBuildFile; fileRef = 74414B341EA8645D000DD82E /* ViewController.swift */; };
		74414B381EA8645D000DD82E /* Main.storyboard in Resources */ = {isa = PBXBuildFile; fileRef = 74414B361EA8645D000DD82E /* Main.storyboard */; };
		74414B3A1EA8645D000DD82E /* Assets.xcassets in Resources */ = {isa = PBXBuildFile; fileRef = 74414B391EA8645D000DD82E /* Assets.xcassets */; };
		74414B3D1EA8645D000DD82E /* LaunchScreen.storyboard in Resources */ = {isa = PBXBuildFile; fileRef = 74414B3B1EA8645D000DD82E /* LaunchScreen.storyboard */; };
		74414B491EAAAA3C000DD82E /* pokemon.csv in Resources */ = {isa = PBXBuildFile; fileRef = 74414B481EAAAA3C000DD82E /* pokemon.csv */; };
		74414B4B1EAAAB98000DD82E /* Pokemon.swift in Sources */ = {isa = PBXBuildFile; fileRef = 74414B4A1EAAAB98000DD82E /* Pokemon.swift */; };
		74414B4D1EAC4DE5000DD82E /* PokeCell.swift in Sources */ = {isa = PBXBuildFile; fileRef = 74414B4C1EAC4DE5000DD82E /* PokeCell.swift */; };
		74414B4F1EAFD79F000DD82E /* csv.swift in Sources */ = {isa = PBXBuildFile; fileRef = 74414B4E1EAFD79F000DD82E /* csv.swift */; };
/* End PBXBuildFile section */

/* Begin PBXFileReference section */
		74414B2F1EA8645D000DD82E /* pokedex training.app */ = {isa = PBXFileReference; explicitFileType = wrapper.application; includeInIndex = 0; path = "pokedex training.app"; sourceTree = BUILT_PRODUCTS_DIR; };
		74414B321EA8645D000DD82E /* AppDelegate.swift */ = {isa = PBXFileReference; lastKnownFileType = sourcecode.swift; path = AppDelegate.swift; sourceTree = "<group>"; };
		74414B341EA8645D000DD82E /* ViewController.swift */ = {isa = PBXFileReference; lastKnownFileType = sourcecode.swift; name = ViewController.swift; path = "pokedex training/ViewController.swift"; sourceTree = "<group>"; };
		74414B371EA8645D000DD82E /* Base */ = {isa = PBXFileReference; lastKnownFileType = file.storyboard; name = Base; path = Base.lproj/Main.storyboard; sourceTree = "<group>"; };
		74414B391EA8645D000DD82E /* Assets.xcassets */ = {isa = PBXFileReference; lastKnownFileType = folder.assetcatalog; path = Assets.xcassets; sourceTree = "<group>"; };
		74414B3C1EA8645D000DD82E /* Base */ = {isa = PBXFileReference; lastKnownFileType = file.storyboard; name = Base; path = Base.lproj/LaunchScreen.storyboard; sourceTree = "<group>"; };
		74414B3E1EA8645D000DD82E /* Info.plist */ = {isa = PBXFileReference; lastKnownFileType = text.plist.xml; path = Info.plist; sourceTree = "<group>"; };
		74414B481EAAAA3C000DD82E /* pokemon.csv */ = {isa = PBXFileReference; fileEncoding = 4; lastKnownFileType = text; path = pokemon.csv; sourceTree = "<group>"; };
		74414B4A1EAAAB98000DD82E /* Pokemon.swift */ = {isa = PBXFileReference; fileEncoding = 4; lastKnownFileType = sourcecode.swift; path = Pokemon.swift; sourceTree = "<group>"; };
		74414B4C1EAC4DE5000DD82E /* PokeCell.swift */ = {isa = PBXFileReference; fileEncoding = 4; lastKnownFileType = sourcecode.swift; path = PokeCell.swift; sourceTree = "<group>"; };
		74414B4E1EAFD79F000DD82E /* csv.swift */ = {isa = PBXFileReference; fileEncoding = 4; lastKnownFileType = sourcecode.swift; path = csv.swift; sourceTree = "<group>"; };
/* End PBXFileReference section */

/* Begin PBXFrameworksBuildPhase section */
		74414B2C1EA8645D000DD82E /* Frameworks */ = {
			isa = PBXFrameworksBuildPhase;
			buildActionMask = 2147483647;
			files = (
			);
			runOnlyForDeploymentPostprocessing = 0;
		};
/* End PBXFrameworksBuildPhase section */

/* Begin PBXGroup section */
		74414B261EA8645D000DD82E = {
			isa = PBXGroup;
			children = (
				74414B311EA8645D000DD82E /* pokedex training */,
				74414B301EA8645D000DD82E /* Products */,
			);
			sourceTree = "<group>";
		};
		74414B301EA8645D000DD82E /* Products */ = {
			isa = PBXGroup;
			children = (
				74414B2F1EA8645D000DD82E /* pokedex training.app */,
			);
			name = Products;
			sourceTree = "<group>";
		};
		74414B311EA8645D000DD82E /* pokedex training */ = {
			isa = PBXGroup;
			children = (
				74414B451EAAA720000DD82E /* Model */,
				74414B461EAAA72A000DD82E /* Controller */,
				74414B471EAAA74D000DD82E /* View */,
				74414B321EA8645D000DD82E /* AppDelegate.swift */,
				74414B361EA8645D000DD82E /* Main.storyboard */,
				74414B391EA8645D000DD82E /* Assets.xcassets */,
				74414B481EAAAA3C000DD82E /* pokemon.csv */,
				74414B4E1EAFD79F000DD82E /* csv.swift */,
				74414B3B1EA8645D000DD82E /* LaunchScreen.storyboard */,
				74414B3E1EA8645D000DD82E /* Info.plist */,
			);
			path = "pokedex training";
			sourceTree = "<group>";
		};
		74414B451EAAA720000DD82E /* Model */ = {
			isa = PBXGroup;
			children = (
				74414B4A1EAAAB98000DD82E /* Pokemon.swift */,
			);
			name = Model;
			path = ..;
			sourceTree = "<group>";
		};
		74414B461EAAA72A000DD82E /* Controller */ = {
			isa = PBXGroup;
			children = (
				74414B341EA8645D000DD82E /* ViewController.swift */,
			);
			name = Controller;
			path = ..;
			sourceTree = "<group>";
		};
		74414B471EAAA74D000DD82E /* View */ = {
			isa = PBXGroup;
			children = (
				74414B4C1EAC4DE5000DD82E /* PokeCell.swift */,
			);
			name = View;
			path = ..;
			sourceTree = "<group>";
		};
/* End PBXGroup section */

/* Begin PBXNativeTarget section */
		74414B2E1EA8645D000DD82E /* pokedex training */ = {
			isa = PBXNativeTarget;
			buildConfigurationList = 74414B411EA8645D000DD82E /* Build configuration list for PBXNativeTarget "pokedex training" */;
			buildPhases = (
				74414B2B1EA8645D000DD82E /* Sources */,
				74414B2C1EA8645D000DD82E /* Frameworks */,
				74414B2D1EA8645D000DD82E /* Resources */,
			);
			buildRules = (
			);
			dependencies = (
			);
			name = "pokedex training";
			productName = "pokedex training";
			productReference = 74414B2F1EA8645D000DD82E /* pokedex training.app */;
			productType = "com.apple.product-type.application";
		};
/* End PBXNativeTarget section */

/* Begin PBXProject section */
		74414B271EA8645D000DD82E /* Project object */ = {
			isa = PBXProject;
			attributes = {
				LastSwiftUpdateCheck = 0820;
				LastUpgradeCheck = 0820;
				ORGANIZATIONNAME = 3..2..1..GO;
				TargetAttributes = {
					74414B2E1EA8645D000DD82E = {
						CreatedOnToolsVersion = 8.2;
						DevelopmentTeam = 68FLA3XZ62;
						LastSwiftMigration = 0820;
						ProvisioningStyle = Automatic;
					};
				};
			};
			buildConfigurationList = 74414B2A1EA8645D000DD82E /* Build configuration list for PBXProject "pokedex training" */;
			compatibilityVersion = "Xcode 3.2";
			developmentRegion = English;
			hasScannedForEncodings = 0;
			knownRegions = (
				en,
				Base,
			);
			mainGroup = 74414B261EA8645D000DD82E;
			productRefGroup = 74414B301EA8645D000DD82E /* Products */;
			projectDirPath = "";
			projectRoot = "";
			targets = (
				74414B2E1EA8645D000DD82E /* pokedex training */,
			);
		};
/* End PBXProject section */

/* Begin PBXResourcesBuildPhase section */
		74414B2D1EA8645D000DD82E /* Resources */ = {
			isa = PBXResourcesBuildPhase;
			buildActionMask = 2147483647;
			files = (
				74414B3D1EA8645D000DD82E /* LaunchScreen.storyboard in Resources */,
				74414B3A1EA8645D000DD82E /* Assets.xcassets in Resources */,
				74414B491EAAAA3C000DD82E /* pokemon.csv in Resources */,
				74414B381EA8645D000DD82E /* Main.storyboard in Resources */,
			);
			runOnlyForDeploymentPostprocessing = 0;
		};
/* End PBXResourcesBuildPhase section */

/* Begin PBXSourcesBuildPhase section */
		74414B2B1EA8645D000DD82E /* Sources */ = {
			isa = PBXSourcesBuildPhase;
			buildActionMask = 2147483647;
			files = (
				74414B4D1EAC4DE5000DD82E /* PokeCell.swift in Sources */,
				74414B4B1EAAAB98000DD82E /* Pokemon.swift in Sources */,
				74414B351EA8645D000DD82E /* ViewController.swift in Sources */,
				74414B331EA8645D000DD82E /* AppDelegate.swift in Sources */,
				74414B4F1EAFD79F000DD82E /* csv.swift in Sources */,
			);
			runOnlyForDeploymentPostprocessing = 0;
		};
/* End PBXSourcesBuildPhase section */

/* Begin PBXVariantGroup section */
		74414B361EA8645D000DD82E /* Main.storyboard */ = {
			isa = PBXVariantGroup;
			children = (
				74414B371EA8645D000DD82E /* Base */,
			);
			name = Main.storyboard;
			sourceTree = "<group>";
		};
		74414B3B1EA8645D000DD82E /* LaunchScreen.storyboard */ = {
			isa = PBXVariantGroup;
			children = (
				74414B3C1EA8645D000DD82E /* Base */,
			);
			name = LaunchScreen.storyboard;
			sourceTree = "<group>";
		};
/* End PBXVariantGroup section */

/* Begin XCBuildConfiguration section */
		74414B3F1EA8645D000DD82E /* Debug */ = {
			isa = XCBuildConfiguration;
			buildSettings = {
				ALWAYS_SEARCH_USER_PATHS = NO;
				CLANG_ANALYZER_NONNULL = YES;
				CLANG_CXX_LANGUAGE_STANDARD = "gnu++0x";
				CLANG_CXX_LIBRARY = "libc++";
				CLANG_ENABLE_MODULES = YES;
				CLANG_ENABLE_OBJC_ARC = YES;
				CLANG_WARN_BOOL_CONVERSION = YES;
				CLANG_WARN_CONSTANT_CONVERSION = YES;
				CLANG_WARN_DIRECT_OBJC_ISA_USAGE = YES_ERROR;
				CLANG_WARN_DOCUMENTATION_COMMENTS = YES;
				CLANG_WARN_EMPTY_BODY = YES;
				CLANG_WARN_ENUM_CONVERSION = YES;
				CLANG_WARN_INFINITE_RECURSION = YES;
				CLANG_WARN_INT_CONVERSION = YES;
				CLANG_WARN_OBJC_ROOT_CLASS = YES_ERROR;
				CLANG_WARN_SUSPICIOUS_MOVE = YES;
				CLANG_WARN_UNREACHABLE_CODE = YES;
				CLANG_WARN__DUPLICATE_METHOD_MATCH = YES;
				"CODE_SIGN_IDENTITY[sdk=iphoneos*]" = "iPhone Developer";
				COPY_PHASE_STRIP = NO;
				DEBUG_INFORMATION_FORMAT = dwarf;
				ENABLE_STRICT_OBJC_MSGSEND = YES;
				ENABLE_TESTABILITY = YES;
				GCC_C_LANGUAGE_STANDARD = gnu99;
				GCC_DYNAMIC_NO_PIC = NO;
				GCC_NO_COMMON_BLOCKS = YES;
				GCC_OPTIMIZATION_LEVEL = 0;
				GCC_PREPROCESSOR_DEFINITIONS = (
					"DEBUG=1",
					"$(inherited)",
				);
				GCC_WARN_64_TO_32_BIT_CONVERSION = YES;
				GCC_WARN_ABOUT_RETURN_TYPE = YES_ERROR;
				GCC_WARN_UNDECLARED_SELECTOR = YES;
				GCC_WARN_UNINITIALIZED_AUTOS = YES_AGGRESSIVE;
				GCC_WARN_UNUSED_FUNCTION = YES;
				GCC_WARN_UNUSED_VARIABLE = YES;
				IPHONEOS_DEPLOYMENT_TARGET = 10.2;
				MTL_ENABLE_DEBUG_INFO = YES;
				ONLY_ACTIVE_ARCH = YES;
				SDKROOT = iphoneos;
				SWIFT_ACTIVE_COMPILATION_CONDITIONS = DEBUG;
				SWIFT_OPTIMIZATION_LEVEL = "-Onone";
				TARGETED_DEVICE_FAMILY = "1,2";
			};
			name = Debug;
		};
		74414B401EA8645D000DD82E /* Release */ = {
			isa = XCBuildConfiguration;
			buildSettings = {
				ALWAYS_SEARCH_USER_PATHS = NO;
				CLANG_ANALYZER_NONNULL = YES;
				CLANG_CXX_LANGUAGE_STANDARD = "gnu++0x";
				CLANG_CXX_LIBRARY = "libc++";
				CLANG_ENABLE_MODULES = YES;
				CLANG_ENABLE_OBJC_ARC = YES;
				CLANG_WARN_BOOL_CONVERSION = YES;
				CLANG_WARN_CONSTANT_CONVERSION = YES;
				CLANG_WARN_DIRECT_OBJC_ISA_USAGE = YES_ERROR;
				CLANG_WARN_DOCUMENTATION_COMMENTS = YES;
				CLANG_WARN_EMPTY_BODY = YES;
				CLANG_WARN_ENUM_CONVERSION = YES;
				CLANG_WARN_INFINITE_RECURSION = YES;
				CLANG_WARN_INT_CONVERSION = YES;
				CLANG_WARN_OBJC_ROOT_CLASS = YES_ERROR;
				CLANG_WARN_SUSPICIOUS_MOVE = YES;
				CLANG_WARN_UNREACHABLE_CODE = YES;
				CLANG_WARN__DUPLICATE_METHOD_MATCH = YES;
				"CODE_SIGN_IDENTITY[sdk=iphoneos*]" = "iPhone Developer";
				COPY_PHASE_STRIP = NO;
				DEBUG_INFORMATION_FORMAT = "dwarf-with-dsym";
				ENABLE_NS_ASSERTIONS = NO;
				ENABLE_STRICT_OBJC_MSGSEND = YES;
				GCC_C_LANGUAGE_STANDARD = gnu99;
				GCC_NO_COMMON_BLOCKS = YES;
				GCC_WARN_64_TO_32_BIT_CONVERSION = YES;
				GCC_WARN_ABOUT_RETURN_TYPE = YES_ERROR;
				GCC_WARN_UNDECLARED_SELECTOR = YES;
				GCC_WARN_UNINITIALIZED_AUTOS = YES_AGGRESSIVE;
				GCC_WARN_UNUSED_FUNCTION = YES;
				GCC_WARN_UNUSED_VARIABLE = YES;
				IPHONEOS_DEPLOYMENT_TARGET = 10.2;
				MTL_ENABLE_DEBUG_INFO = NO;
				SDKROOT = iphoneos;
				SWIFT_OPTIMIZATION_LEVEL = "-Owholemodule";
				TARGETED_DEVICE_FAMILY = "1,2";
				VALIDATE_PRODUCT = YES;
			};
			name = Release;
		};
		74414B421EA8645D000DD82E /* Debug */ = {
			isa = XCBuildConfiguration;
			buildSettings = {
				ASSETCATALOG_COMPILER_APPICON_NAME = AppIcon;
				DEVELOPMENT_TEAM = 68FLA3XZ62;
				INFOPLIST_FILE = "pokedex training/Info.plist";
				LD_RUNPATH_SEARCH_PATHS = "$(inherited) @executable_path/Frameworks";
				PRODUCT_BUNDLE_IDENTIFIER = "com.sakota.pokedex-training";
				PRODUCT_NAME = "$(TARGET_NAME)";
				SWIFT_VERSION = 3.0;
			};
			name = Debug;
		};
		74414B431EA8645D000DD82E /* Release */ = {
			isa = XCBuildConfiguration;
			buildSettings = {
				ASSETCATALOG_COMPILER_APPICON_NAME = AppIcon;
				DEVELOPMENT_TEAM = 68FLA3XZ62;
				INFOPLIST_FILE = "pokedex training/Info.plist";
				LD_RUNPATH_SEARCH_PATHS = "$(inherited) @executable_path/Frameworks";
				PRODUCT_BUNDLE_IDENTIFIER = "com.sakota.pokedex-training";
				PRODUCT_NAME = "$(TARGET_NAME)";
				SWIFT_VERSION = 3.0;
			};
			name = Release;
		};
/* End XCBuildConfiguration section */

/* Begin XCConfigurationList section */
		74414B2A1EA8645D000DD82E /* Build configuration list for PBXProject "pokedex training" */ = {
			isa = XCConfigurationList;
			buildConfigurations = (
				74414B3F1EA8645D000DD82E /* Debug */,
				74414B401EA8645D000DD82E /* Release */,
			);
			defaultConfigurationIsVisible = 0;
			defaultConfigurationName = Release;
		};
		74414B411EA8645D000DD82E /* Build configuration list for PBXNativeTarget "pokedex training" */ = {
			isa = XCConfigurationList;
			buildConfigurations = (
				74414B421EA8645D000DD82E /* Debug */,
				74414B431EA8645D000DD82E /* Release */,
			);
			defaultConfigurationIsVisible = 0;
			defaultConfigurationName = Release;
		};
/* End XCConfigurationList section */
	};
	rootObject = 74414B271EA8645D000DD82E /* Project object */;
}
